
Microsoft Visual Studio Solution File, Format Version 12.00
# Visual Studio 14
VisualStudioVersion = 14.0.23107.0
MinimumVisualStudioVersion = 10.0.40219.1
Project("{FAE04EC0-301F-11D3-BF4B-00C04F79EFBC}") = "WebApp", "WebApp\WebApp.csproj", "{B8E85760-CC4D-4510-93A9-B87F28326468}"
EndProject
Project("{FAE04EC0-301F-11D3-BF4B-00C04F79EFBC}") = "ePaila.Data", "ePaila.Data\ePaila.Data.csproj", "{C3FBC922-3D84-4B1F-85D2-AAC1F80C997C}"
EndProject
Project("{FAE04EC0-301F-11D3-BF4B-00C04F79EFBC}") = "ePaila.ViewModel", "ePaila.Model\ePaila.ViewModel.csproj", "{DCD4B002-5C8E-490A-8E14-678257112142}"
EndProject
Global
	GlobalSection(SolutionConfigurationPlatforms) = preSolution
		Debug|Any CPU = Debug|Any CPU
		Release|Any CPU = Release|Any CPU
	EndGlobalSection
	GlobalSection(ProjectConfigurationPlatforms) = postSolution
		{B8E85760-CC4D-4510-93A9-B87F28326468}.Debug|Any CPU.ActiveCfg = Debug|Any CPU
		{B8E85760-CC4D-4510-93A9-B87F28326468}.Debug|Any CPU.Build.0 = Debug|Any CPU
		{B8E85760-CC4D-4510-93A9-B87F28326468}.Release|Any CPU.ActiveCfg = Release|Any CPU
		{B8E85760-CC4D-4510-93A9-B87F28326468}.Release|Any CPU.Build.0 = Release|Any CPU
		{C3FBC922-3D84-4B1F-85D2-AAC1F80C997C}.Debug|Any CPU.ActiveCfg = Debug|Any CPU
		{C3FBC922-3D84-4B1F-85D2-AAC1F80C997C}.Debug|Any CPU.Build.0 = Debug|Any CPU
		{C3FBC922-3D84-4B1F-85D2-AAC1F80C997C}.Release|Any CPU.ActiveCfg = Release|Any CPU
		{C3FBC922-3D84-4B1F-85D2-AAC1F80C997C}.Release|Any CPU.Build.0 = Release|Any CPU
		{DCD4B002-5C8E-490A-8E14-678257112142}.Debug|Any CPU.ActiveCfg = Debug|Any CPU
		{DCD4B002-5C8E-490A-8E14-678257112142}.Debug|Any CPU.Build.0 = Debug|Any CPU
		{DCD4B002-5C8E-490A-8E14-678257112142}.Release|Any CPU.ActiveCfg = Release|Any CPU
		{DCD4B002-5C8E-490A-8E14-678257112142}.Release|Any CPU.Build.0 = Release|Any CPU
	EndGlobalSection
	GlobalSection(SolutionProperties) = preSolution
		HideSolutionNode = FALSE
	EndGlobalSection
EndGlobal
